
Microsoft Visual Studio Solution File, Format Version 12.00
# Visual Studio Version 16
VisualStudioVersion = 16.0.30309.148
MinimumVisualStudioVersion = 10.0.40219.1
Project("{FAE04EC0-301F-11D3-BF4B-00C04F79EFBC}") = "Array", "Array.csproj", "{B220D528-9D94-4139-88BA-86D81F1EBEC1}"
EndProject
Global
	GlobalSection(SolutionConfigurationPlatforms) = preSolution
		Debug|Any CPU = Debug|Any CPU
		Release|Any CPU = Release|Any CPU
	EndGlobalSection
	GlobalSection(ProjectConfigurationPlatforms) = postSolution
		{B220D528-9D94-4139-88BA-86D81F1EBEC1}.Debug|Any CPU.ActiveCfg = Debug|Any CPU
		{B220D528-9D94-4139-88BA-86D81F1EBEC1}.Debug|Any CPU.Build.0 = Debug|Any CPU
		{B220D528-9D94-4139-88BA-86D81F1EBEC1}.Release|Any CPU.ActiveCfg = Release|Any CPU
		{B220D528-9D94-4139-88BA-86D81F1EBEC1}.Release|Any CPU.Build.0 = Release|Any CPU
	EndGlobalSection
	GlobalSection(SolutionProperties) = preSolution
		HideSolutionNode = FALSE
	EndGlobalSection
	GlobalSection(ExtensibilityGlobals) = postSolution
		SolutionGuid = {37B32EC5-D3B7-4974-BB4B-F6271E8471C0}
	EndGlobalSection
EndGlobal
