
Microsoft Visual Studio Solution File, Format Version 12.00
# Visual Studio Version 16
VisualStudioVersion = 16.0.30309.148
MinimumVisualStudioVersion = 10.0.40219.1
Project("{FAE04EC0-301F-11D3-BF4B-00C04F79EFBC}") = "ForLoop", "ForLoop.csproj", "{400CB1AE-6963-4D55-A0D9-EE995B6E0B6F}"
EndProject
Global
	GlobalSection(SolutionConfigurationPlatforms) = preSolution
		Debug|Any CPU = Debug|Any CPU
		Release|Any CPU = Release|Any CPU
	EndGlobalSection
	GlobalSection(ProjectConfigurationPlatforms) = postSolution
		{400CB1AE-6963-4D55-A0D9-EE995B6E0B6F}.Debug|Any CPU.ActiveCfg = Debug|Any CPU
		{400CB1AE-6963-4D55-A0D9-EE995B6E0B6F}.Debug|Any CPU.Build.0 = Debug|Any CPU
		{400CB1AE-6963-4D55-A0D9-EE995B6E0B6F}.Release|Any CPU.ActiveCfg = Release|Any CPU
		{400CB1AE-6963-4D55-A0D9-EE995B6E0B6F}.Release|Any CPU.Build.0 = Release|Any CPU
	EndGlobalSection
	GlobalSection(SolutionProperties) = preSolution
		HideSolutionNode = FALSE
	EndGlobalSection
	GlobalSection(ExtensibilityGlobals) = postSolution
		SolutionGuid = {DA1F2FF1-09F6-400C-9D3D-28D926E69753}
	EndGlobalSection
EndGlobal
